
Microsoft Visual Studio Solution File, Format Version 12.00
# Visual Studio Version 17
VisualStudioVersion = 17.5.33530.505
MinimumVisualStudioVersion = 10.0.40219.1
Project("{FAE04EC0-301F-11D3-BF4B-00C04F79EFBC}") = "ChatGPTInterceptors.Interfaces", "ChatGPTInterceptors.Interfaces\ChatGPTInterceptors.Interfaces.csproj", "{8AC0FB03-2743-4977-A8CB-C02071D23356}"
EndProject
Project("{FAE04EC0-301F-11D3-BF4B-00C04F79EFBC}") = "ChatGPTInterceptors.Core", "ChatGPTInterceptors.Core\ChatGPTInterceptors.Core.csproj", "{D9083D33-852C-4C4C-8C6A-27E01CE5662D}"
EndProject
Global
	GlobalSection(SolutionConfigurationPlatforms) = preSolution
		Debug|Any CPU = Debug|Any CPU
		Release|Any CPU = Release|Any CPU
	EndGlobalSection
	GlobalSection(ProjectConfigurationPlatforms) = postSolution
		{8AC0FB03-2743-4977-A8CB-C02071D23356}.Debug|Any CPU.ActiveCfg = Debug|Any CPU
		{8AC0FB03-2743-4977-A8CB-C02071D23356}.Debug|Any CPU.Build.0 = Debug|Any CPU
		{8AC0FB03-2743-4977-A8CB-C02071D23356}.Release|Any CPU.ActiveCfg = Release|Any CPU
		{8AC0FB03-2743-4977-A8CB-C02071D23356}.Release|Any CPU.Build.0 = Release|Any CPU
		{D9083D33-852C-4C4C-8C6A-27E01CE5662D}.Debug|Any CPU.ActiveCfg = Debug|Any CPU
		{D9083D33-852C-4C4C-8C6A-27E01CE5662D}.Debug|Any CPU.Build.0 = Debug|Any CPU
		{D9083D33-852C-4C4C-8C6A-27E01CE5662D}.Release|Any CPU.ActiveCfg = Release|Any CPU
		{D9083D33-852C-4C4C-8C6A-27E01CE5662D}.Release|Any CPU.Build.0 = Release|Any CPU
	EndGlobalSection
	GlobalSection(SolutionProperties) = preSolution
		HideSolutionNode = FALSE
	EndGlobalSection
	GlobalSection(ExtensibilityGlobals) = postSolution
		SolutionGuid = {C0E6CA41-C025-4365-89CB-52E67A39E92D}
	EndGlobalSection
EndGlobal
